
Microsoft Visual Studio Solution File, Format Version 12.00
# Visual Studio 15
VisualStudioVersion = 15.0.26403.7
MinimumVisualStudioVersion = 10.0.40219.1
Project("{FAE04EC0-301F-11D3-BF4B-00C04F79EFBC}") = "Weilog.Core", "Weilog.Core\Weilog.Core.csproj", "{39B6DC2E-D525-48B8-AD03-D09F9D969F03}"
EndProject
Project("{FAE04EC0-301F-11D3-BF4B-00C04F79EFBC}") = "Weilog.Data", "Weilog.Data\Weilog.Data.csproj", "{D3798EF7-14AB-4BBD-AB56-64365EAAC144}"
EndProject
Project("{FAE04EC0-301F-11D3-BF4B-00C04F79EFBC}") = "Weilog.Services", "Weilog.Services\Weilog.Services.csproj", "{0DCD268A-31DC-4BD3-874D-93BE9BEFEC7A}"
EndProject
Project("{FAE04EC0-301F-11D3-BF4B-00C04F79EFBC}") = "Weilog.Web", "Weilog.Web\Weilog.Web.csproj", "{7B2D5FA9-3DDA-49C5-A0DE-A5E1C13E7996}"
EndProject
Project("{FAE04EC0-301F-11D3-BF4B-00C04F79EFBC}") = "Weilog.Entities", "Weilog.Entities\Weilog.Entities.csproj", "{71EA33A7-B53E-4558-A5F1-8EB22AB86C46}"
EndProject
Project("{FAE04EC0-301F-11D3-BF4B-00C04F79EFBC}") = "Weilog.Web.Framework", "Weilog.Web.Framework\Weilog.Web.Framework.csproj", "{32853F5E-C599-4E6C-9DD0-C0A13D5CFFCA}"
EndProject
Project("{FAE04EC0-301F-11D3-BF4B-00C04F79EFBC}") = "Weilog.Repositories", "Weilog.Repositories\Weilog.Repositories.csproj", "{1E3C93D5-1E26-48EA-AD55-017A1D1B779E}"
EndProject
Project("{FAE04EC0-301F-11D3-BF4B-00C04F79EFBC}") = "Weilog.Web.Tests", "Tests\Weilog.Web.Tests\Weilog.Web.Tests.csproj", "{27EB13F4-E1F3-4C33-B26E-0792F703F332}"
EndProject
Project("{FAE04EC0-301F-11D3-BF4B-00C04F79EFBC}") = "Weilog.Caching", "Weilog.Caching\Weilog.Caching.csproj", "{C5270CD9-36CD-4ECE-83C9-B1B1D78D7E55}"
EndProject
Project("{FAE04EC0-301F-11D3-BF4B-00C04F79EFBC}") = "Weilog.Logger", "Weilog.Logger\Weilog.Logger.csproj", "{49D0D3D8-64B5-46CA-A928-782A80BD95F0}"
EndProject
Project("{FAE04EC0-301F-11D3-BF4B-00C04F79EFBC}") = "Weilog.Admin", "Weilog.Admin\Weilog.Admin.csproj", "{5F9A6D55-BBD3-46EB-8601-EF9AECDA6CE1}"
EndProject
Project("{FAE04EC0-301F-11D3-BF4B-00C04F79EFBC}") = "Weilog.Admin.Tests", "Weilog.Admin.Tests\Weilog.Admin.Tests.csproj", "{EEAD6655-F703-4AB6-ACD4-D8E7F316A18C}"
EndProject
Project("{2150E333-8FDC-42A3-9474-1A3956D46DE8}") = "Tests", "Tests", "{359F3262-3231-4EA2-89E0-A6374BF305EB}"
EndProject
Project("{FAE04EC0-301F-11D3-BF4B-00C04F79EFBC}") = "Weilog.Tests", "Weilog.Tests\Weilog.Tests.csproj", "{678B4EFA-7591-4ED4-BF3B-A2612C92E130}"
EndProject
Global
	GlobalSection(SolutionConfigurationPlatforms) = preSolution
		Debug|Any CPU = Debug|Any CPU
		Release|Any CPU = Release|Any CPU
	EndGlobalSection
	GlobalSection(ProjectConfigurationPlatforms) = postSolution
		{39B6DC2E-D525-48B8-AD03-D09F9D969F03}.Debug|Any CPU.ActiveCfg = Debug|Any CPU
		{39B6DC2E-D525-48B8-AD03-D09F9D969F03}.Debug|Any CPU.Build.0 = Debug|Any CPU
		{39B6DC2E-D525-48B8-AD03-D09F9D969F03}.Release|Any CPU.ActiveCfg = Release|Any CPU
		{39B6DC2E-D525-48B8-AD03-D09F9D969F03}.Release|Any CPU.Build.0 = Release|Any CPU
		{D3798EF7-14AB-4BBD-AB56-64365EAAC144}.Debug|Any CPU.ActiveCfg = Debug|Any CPU
		{D3798EF7-14AB-4BBD-AB56-64365EAAC144}.Debug|Any CPU.Build.0 = Debug|Any CPU
		{D3798EF7-14AB-4BBD-AB56-64365EAAC144}.Release|Any CPU.ActiveCfg = Release|Any CPU
		{D3798EF7-14AB-4BBD-AB56-64365EAAC144}.Release|Any CPU.Build.0 = Release|Any CPU
		{0DCD268A-31DC-4BD3-874D-93BE9BEFEC7A}.Debug|Any CPU.ActiveCfg = Debug|Any CPU
		{0DCD268A-31DC-4BD3-874D-93BE9BEFEC7A}.Debug|Any CPU.Build.0 = Debug|Any CPU
		{0DCD268A-31DC-4BD3-874D-93BE9BEFEC7A}.Release|Any CPU.ActiveCfg = Release|Any CPU
		{0DCD268A-31DC-4BD3-874D-93BE9BEFEC7A}.Release|Any CPU.Build.0 = Release|Any CPU
		{7B2D5FA9-3DDA-49C5-A0DE-A5E1C13E7996}.Debug|Any CPU.ActiveCfg = Debug|Any CPU
		{7B2D5FA9-3DDA-49C5-A0DE-A5E1C13E7996}.Debug|Any CPU.Build.0 = Debug|Any CPU
		{7B2D5FA9-3DDA-49C5-A0DE-A5E1C13E7996}.Release|Any CPU.ActiveCfg = Release|Any CPU
		{7B2D5FA9-3DDA-49C5-A0DE-A5E1C13E7996}.Release|Any CPU.Build.0 = Release|Any CPU
		{71EA33A7-B53E-4558-A5F1-8EB22AB86C46}.Debug|Any CPU.ActiveCfg = Debug|Any CPU
		{71EA33A7-B53E-4558-A5F1-8EB22AB86C46}.Debug|Any CPU.Build.0 = Debug|Any CPU
		{71EA33A7-B53E-4558-A5F1-8EB22AB86C46}.Release|Any CPU.ActiveCfg = Release|Any CPU
		{71EA33A7-B53E-4558-A5F1-8EB22AB86C46}.Release|Any CPU.Build.0 = Release|Any CPU
		{32853F5E-C599-4E6C-9DD0-C0A13D5CFFCA}.Debug|Any CPU.ActiveCfg = Debug|Any CPU
		{32853F5E-C599-4E6C-9DD0-C0A13D5CFFCA}.Debug|Any CPU.Build.0 = Debug|Any CPU
		{32853F5E-C599-4E6C-9DD0-C0A13D5CFFCA}.Release|Any CPU.ActiveCfg = Release|Any CPU
		{32853F5E-C599-4E6C-9DD0-C0A13D5CFFCA}.Release|Any CPU.Build.0 = Release|Any CPU
		{1E3C93D5-1E26-48EA-AD55-017A1D1B779E}.Debug|Any CPU.ActiveCfg = Debug|Any CPU
		{1E3C93D5-1E26-48EA-AD55-017A1D1B779E}.Debug|Any CPU.Build.0 = Debug|Any CPU
		{1E3C93D5-1E26-48EA-AD55-017A1D1B779E}.Release|Any CPU.ActiveCfg = Release|Any CPU
		{1E3C93D5-1E26-48EA-AD55-017A1D1B779E}.Release|Any CPU.Build.0 = Release|Any CPU
		{27EB13F4-E1F3-4C33-B26E-0792F703F332}.Debug|Any CPU.ActiveCfg = Debug|Any CPU
		{27EB13F4-E1F3-4C33-B26E-0792F703F332}.Debug|Any CPU.Build.0 = Debug|Any CPU
		{27EB13F4-E1F3-4C33-B26E-0792F703F332}.Release|Any CPU.ActiveCfg = Release|Any CPU
		{27EB13F4-E1F3-4C33-B26E-0792F703F332}.Release|Any CPU.Build.0 = Release|Any CPU
		{C5270CD9-36CD-4ECE-83C9-B1B1D78D7E55}.Debug|Any CPU.ActiveCfg = Debug|Any CPU
		{C5270CD9-36CD-4ECE-83C9-B1B1D78D7E55}.Debug|Any CPU.Build.0 = Debug|Any CPU
		{C5270CD9-36CD-4ECE-83C9-B1B1D78D7E55}.Release|Any CPU.ActiveCfg = Release|Any CPU
		{C5270CD9-36CD-4ECE-83C9-B1B1D78D7E55}.Release|Any CPU.Build.0 = Release|Any CPU
		{49D0D3D8-64B5-46CA-A928-782A80BD95F0}.Debug|Any CPU.ActiveCfg = Debug|Any CPU
		{49D0D3D8-64B5-46CA-A928-782A80BD95F0}.Debug|Any CPU.Build.0 = Debug|Any CPU
		{49D0D3D8-64B5-46CA-A928-782A80BD95F0}.Release|Any CPU.ActiveCfg = Release|Any CPU
		{49D0D3D8-64B5-46CA-A928-782A80BD95F0}.Release|Any CPU.Build.0 = Release|Any CPU
		{5F9A6D55-BBD3-46EB-8601-EF9AECDA6CE1}.Debug|Any CPU.ActiveCfg = Debug|Any CPU
		{5F9A6D55-BBD3-46EB-8601-EF9AECDA6CE1}.Debug|Any CPU.Build.0 = Debug|Any CPU
		{5F9A6D55-BBD3-46EB-8601-EF9AECDA6CE1}.Release|Any CPU.ActiveCfg = Release|Any CPU
		{5F9A6D55-BBD3-46EB-8601-EF9AECDA6CE1}.Release|Any CPU.Build.0 = Release|Any CPU
		{EEAD6655-F703-4AB6-ACD4-D8E7F316A18C}.Debug|Any CPU.ActiveCfg = Debug|Any CPU
		{EEAD6655-F703-4AB6-ACD4-D8E7F316A18C}.Debug|Any CPU.Build.0 = Debug|Any CPU
		{EEAD6655-F703-4AB6-ACD4-D8E7F316A18C}.Release|Any CPU.ActiveCfg = Release|Any CPU
		{EEAD6655-F703-4AB6-ACD4-D8E7F316A18C}.Release|Any CPU.Build.0 = Release|Any CPU
		{678B4EFA-7591-4ED4-BF3B-A2612C92E130}.Debug|Any CPU.ActiveCfg = Debug|Any CPU
		{678B4EFA-7591-4ED4-BF3B-A2612C92E130}.Debug|Any CPU.Build.0 = Debug|Any CPU
		{678B4EFA-7591-4ED4-BF3B-A2612C92E130}.Release|Any CPU.ActiveCfg = Release|Any CPU
		{678B4EFA-7591-4ED4-BF3B-A2612C92E130}.Release|Any CPU.Build.0 = Release|Any CPU
	EndGlobalSection
	GlobalSection(SolutionProperties) = preSolution
		HideSolutionNode = FALSE
	EndGlobalSection
	GlobalSection(NestedProjects) = preSolution
		{27EB13F4-E1F3-4C33-B26E-0792F703F332} = {359F3262-3231-4EA2-89E0-A6374BF305EB}
		{EEAD6655-F703-4AB6-ACD4-D8E7F316A18C} = {359F3262-3231-4EA2-89E0-A6374BF305EB}
		{678B4EFA-7591-4ED4-BF3B-A2612C92E130} = {359F3262-3231-4EA2-89E0-A6374BF305EB}
	EndGlobalSection
	GlobalSection(ExtensibilityGlobals) = postSolution
		SolutionGuid = {462C7400-3114-402A-8F2E-BBC0E9D670DA}
	EndGlobalSection
EndGlobal
